{
  "_comment": [
    "Addresses this site has published. scripts/check-urls.mjs fails the build when one",
    "of them stops being built and no declared successor is built either. GitHub Pages",
    "serves no per-path 301, so a path that stops being built 404s silently and takes",
    "every inbound link with it.",
    "SEEDED 2026-08-01 from the LIVE sitemap at https://tomscholtes.com/sitemap.xml, not",
    "from a local build, so it records what the public was actually served. /lab/* and",
    "anything carrying a noindex robots meta are absent because post-build.mjs excludes",
    "them from the sitemap, so this gate cannot enshrine a preview or an unindexed page.",
    "ADDING a path never fails this gate; publishing an essay passes untouched. Refresh",
    "deliberately with: node scripts/check-urls.mjs --update",
    "extra: addresses the sitemap cannot carry, because it is built by walking for",
    "index.html and a bare .html file is invisible to it. Checked as files on disk.",
    "successors: old -> new, for a removal that was deliberate. This host cannot",
    "redirect, so it records intent and keeps the trail; it does not make the old",
    "address serve.",
    "The four /rss.xml addresses are in extra for the same reason as the .html files: post-build.mjs builds the sitemap by walking for index.html, so a feed endpoint is invisible to it. A feed that silently stops building would strand every subscriber."
  ],
  "updated": "2026-08-01",
  "paths": [
    "/",
    "/about/",
    "/case/ai-skill-architecture/",
    "/case/annual-accounts-quality-review/",
    "/case/automated-regulatory-notes/",
    "/case/confidential-document-anonymisation/",
    "/case/cross-platform-mailbox-intelligence/",
    "/case/cross-system-reconciliation/",
    "/case/email-automation/",
    "/case/fund-accounting-platform-integration/",
    "/case/process-documentation/",
    "/cv/",
    "/de/",
    "/de/about/",
    "/de/cv/",
    "/de/notes/",
    "/de/notes/archive/",
    "/de/notes/intelligence-is-the-basis/",
    "/de/notes/mcp-workstream/",
    "/de/notes/self-hosted-rag-claude-max/",
    "/de/notes/the-cave-inside-the-cave/",
    "/de/notes/the-remembering-assistant/",
    "/de/notes/token-economy-principle/",
    "/de/notes/when-the-assistant-sleeps/",
    "/de/projects/",
    "/de/projects/devswarm-cv/",
    "/de/projects/devswarm/",
    "/de/tags/",
    "/de/tags/ai-tooling/",
    "/de/tags/automation/",
    "/de/tags/consciousness/",
    "/de/tags/design/",
    "/de/tags/intelligence/",
    "/de/tags/knowledge/",
    "/de/tags/llms/",
    "/de/tags/mcp/",
    "/de/tags/memory/",
    "/de/tags/philosophy-of-mind/",
    "/de/tags/principles/",
    "/de/tags/rag/",
    "/de/tags/research/",
    "/de/tags/self-hosted/",
    "/de/tags/simulation/",
    "/de/tags/tools/",
    "/de/tags/wearables/",
    "/de/thesis/",
    "/fr/",
    "/fr/about/",
    "/fr/cv/",
    "/fr/notes/",
    "/fr/notes/archive/",
    "/fr/notes/intelligence-is-the-basis/",
    "/fr/notes/mcp-workstream/",
    "/fr/notes/self-hosted-rag-claude-max/",
    "/fr/notes/the-cave-inside-the-cave/",
    "/fr/notes/the-remembering-assistant/",
    "/fr/notes/token-economy-principle/",
    "/fr/notes/when-the-assistant-sleeps/",
    "/fr/projects/",
    "/fr/projects/devswarm-cv/",
    "/fr/projects/devswarm/",
    "/fr/tags/",
    "/fr/tags/ai-tooling/",
    "/fr/tags/automation/",
    "/fr/tags/consciousness/",
    "/fr/tags/design/",
    "/fr/tags/intelligence/",
    "/fr/tags/knowledge/",
    "/fr/tags/llms/",
    "/fr/tags/mcp/",
    "/fr/tags/memory/",
    "/fr/tags/philosophy-of-mind/",
    "/fr/tags/principles/",
    "/fr/tags/rag/",
    "/fr/tags/research/",
    "/fr/tags/self-hosted/",
    "/fr/tags/simulation/",
    "/fr/tags/tools/",
    "/fr/tags/wearables/",
    "/fr/thesis/",
    "/notes/",
    "/notes/archive/",
    "/notes/intelligence-is-the-basis/",
    "/notes/mcp-workstream/",
    "/notes/self-hosted-rag-claude-max/",
    "/notes/the-cave-inside-the-cave/",
    "/notes/the-remembering-assistant/",
    "/notes/token-economy-principle/",
    "/notes/when-the-assistant-sleeps/",
    "/projects/",
    "/projects/devswarm-cv/",
    "/projects/devswarm/",
    "/ru/",
    "/ru/about/",
    "/ru/cv/",
    "/ru/notes/",
    "/ru/notes/archive/",
    "/ru/notes/intelligence-is-the-basis/",
    "/ru/notes/mcp-workstream/",
    "/ru/notes/self-hosted-rag-claude-max/",
    "/ru/notes/the-cave-inside-the-cave/",
    "/ru/notes/the-remembering-assistant/",
    "/ru/notes/token-economy-principle/",
    "/ru/notes/when-the-assistant-sleeps/",
    "/ru/projects/",
    "/ru/projects/devswarm-cv/",
    "/ru/projects/devswarm/",
    "/ru/tags/",
    "/ru/tags/ai-tooling/",
    "/ru/tags/automation/",
    "/ru/tags/consciousness/",
    "/ru/tags/design/",
    "/ru/tags/intelligence/",
    "/ru/tags/knowledge/",
    "/ru/tags/llms/",
    "/ru/tags/mcp/",
    "/ru/tags/memory/",
    "/ru/tags/philosophy-of-mind/",
    "/ru/tags/principles/",
    "/ru/tags/rag/",
    "/ru/tags/research/",
    "/ru/tags/self-hosted/",
    "/ru/tags/simulation/",
    "/ru/tags/tools/",
    "/ru/tags/wearables/",
    "/ru/thesis/",
    "/tags/",
    "/tags/ai-tooling/",
    "/tags/automation/",
    "/tags/consciousness/",
    "/tags/design/",
    "/tags/intelligence/",
    "/tags/knowledge/",
    "/tags/llms/",
    "/tags/mcp/",
    "/tags/memory/",
    "/tags/philosophy-of-mind/",
    "/tags/principles/",
    "/tags/rag/",
    "/tags/research/",
    "/tags/self-hosted/",
    "/tags/simulation/",
    "/tags/tools/",
    "/tags/wearables/",
    "/thesis/",
    "/workflow-automation/"
  ],
  "extra": [
    "/de/rss.xml",
    "/fr/rss.xml",
    "/projects/cv-onepager-artifact.html",
    "/rss.xml",
    "/ru/rss.xml",
    "/thesis.html"
  ],
  "successors": {}
}
